
Microsoft Visual Studio Solution File, Format Version 12.00
# Visual Studio 15
VisualStudioVersion = 15.0.28307.136
MinimumVisualStudioVersion = 10.0.40219.1
Project("{FAE04EC0-301F-11D3-BF4B-00C04F79EFBC}") = "ReportOfDayWork", "ReportOfDayWork\ReportOfDayWork.csproj", "{0549C6DB-66DB-4714-A166-4D7F77B09BAE}"
EndProject
Global
	GlobalSection(SolutionConfigurationPlatforms) = preSolution
		Debug|Any CPU = Debug|Any CPU
		Release|Any CPU = Release|Any CPU
	EndGlobalSection
	GlobalSection(ProjectConfigurationPlatforms) = postSolution
		{0549C6DB-66DB-4714-A166-4D7F77B09BAE}.Debug|Any CPU.ActiveCfg = Debug|Any CPU
		{0549C6DB-66DB-4714-A166-4D7F77B09BAE}.Debug|Any CPU.Build.0 = Debug|Any CPU
		{0549C6DB-66DB-4714-A166-4D7F77B09BAE}.Release|Any CPU.ActiveCfg = Release|Any CPU
		{0549C6DB-66DB-4714-A166-4D7F77B09BAE}.Release|Any CPU.Build.0 = Release|Any CPU
	EndGlobalSection
	GlobalSection(SolutionProperties) = preSolution
		HideSolutionNode = FALSE
	EndGlobalSection
	GlobalSection(ExtensibilityGlobals) = postSolution
		SolutionGuid = {138DD16B-B1B4-4205-8372-823F496AE4D7}
	EndGlobalSection
EndGlobal
